
Microsoft Visual Studio Solution File, Format Version 12.00
# Visual Studio Version 17
VisualStudioVersion = 17.1.32328.378
MinimumVisualStudioVersion = 10.0.40219.1
Project("{FAE04EC0-301F-11D3-BF4B-00C04F79EFBC}") = "ChatGPTCoreWebAPI", "ChatGPTCoreWebAPI.csproj", "{555DA454-8143-4145-A4B2-6E71BA727629}"
EndProject
Global
	GlobalSection(SolutionConfigurationPlatforms) = preSolution
		Debug|Any CPU = Debug|Any CPU
		Release|Any CPU = Release|Any CPU
	EndGlobalSection
	GlobalSection(ProjectConfigurationPlatforms) = postSolution
		{555DA454-8143-4145-A4B2-6E71BA727629}.Debug|Any CPU.ActiveCfg = Debug|Any CPU
		{555DA454-8143-4145-A4B2-6E71BA727629}.Debug|Any CPU.Build.0 = Debug|Any CPU
		{555DA454-8143-4145-A4B2-6E71BA727629}.Release|Any CPU.ActiveCfg = Release|Any CPU
		{555DA454-8143-4145-A4B2-6E71BA727629}.Release|Any CPU.Build.0 = Release|Any CPU
	EndGlobalSection
	GlobalSection(SolutionProperties) = preSolution
		HideSolutionNode = FALSE
	EndGlobalSection
	GlobalSection(ExtensibilityGlobals) = postSolution
		SolutionGuid = {1B7374A4-7E29-4A51-AD59-394EDE95AFFD}
	EndGlobalSection
EndGlobal
